// !$*UTF8*$!
{
	archiveVersion = 1;
	classes = {
	};
	objectVersion = 56;
	objects = {

/* Begin PBXBuildFile section */
		8E05D7DEA5A9E58BBF2AE1F0 /* Pods_SWIFT_RxFlow.framework in Frameworks */ = {isa = PBXBuildFile; fileRef = 7C47A6C56FCC203AE8815C8B /* Pods_SWIFT_RxFlow.framework */; };
		B6BB3A6C2B2F1D0F00EF2639 /* AppDelegate.swift in Sources */ = {isa = PBXBuildFile; fileRef = B6BB3A6B2B2F1D0F00EF2639 /* AppDelegate.swift */; };
		B6BB3A6E2B2F1D0F00EF2639 /* SceneDelegate.swift in Sources */ = {isa = PBXBuildFile; fileRef = B6BB3A6D2B2F1D0F00EF2639 /* SceneDelegate.swift */; };
		B6BB3A702B2F1D0F00EF2639 /* MainVC.swift in Sources */ = {isa = PBXBuildFile; fileRef = B6BB3A6F2B2F1D0F00EF2639 /* MainVC.swift */; };
		B6BB3A752B2F1D1100EF2639 /* Assets.xcassets in Resources */ = {isa = PBXBuildFile; fileRef = B6BB3A742B2F1D1100EF2639 /* Assets.xcassets */; };
		B6BB3A782B2F1D1100EF2639 /* LaunchScreen.storyboard in Resources */ = {isa = PBXBuildFile; fileRef = B6BB3A762B2F1D1100EF2639 /* LaunchScreen.storyboard */; };
		C33DE12F2B30215400B20B93 /* AppSteps.swift in Sources */ = {isa = PBXBuildFile; fileRef = C33DE12E2B30215400B20B93 /* AppSteps.swift */; };
		C33DE1312B3021F300B20B93 /* AppStepper.swift in Sources */ = {isa = PBXBuildFile; fileRef = C33DE1302B3021F300B20B93 /* AppStepper.swift */; };
		C33DE1332B3022E600B20B93 /* AppFlow.swift in Sources */ = {isa = PBXBuildFile; fileRef = C33DE1322B3022E600B20B93 /* AppFlow.swift */; };
		C33DE1352B3026ED00B20B93 /* MainViewModel.swift in Sources */ = {isa = PBXBuildFile; fileRef = C33DE1342B3026ED00B20B93 /* MainViewModel.swift */; };
		C33DE1372B30270500B20B93 /* MainFlow.swift in Sources */ = {isa = PBXBuildFile; fileRef = C33DE1362B30270500B20B93 /* MainFlow.swift */; };
		C33DE13F2B312B3D00B20B93 /* TabbarController.swift in Sources */ = {isa = PBXBuildFile; fileRef = C33DE13E2B312B3D00B20B93 /* TabbarController.swift */; };
		C33DE1412B312C1800B20B93 /* TabbarFlow.swift in Sources */ = {isa = PBXBuildFile; fileRef = C33DE1402B312C1800B20B93 /* TabbarFlow.swift */; };
		C33DE1432B312E9C00B20B93 /* TabbarStepper.swift in Sources */ = {isa = PBXBuildFile; fileRef = C33DE1422B312E9C00B20B93 /* TabbarStepper.swift */; };
		C33DE1462B312FC000B20B93 /* SearchVC.swift in Sources */ = {isa = PBXBuildFile; fileRef = C33DE1452B312FC000B20B93 /* SearchVC.swift */; };
		C33DE1482B312FC700B20B93 /* SearchViewModel.swift in Sources */ = {isa = PBXBuildFile; fileRef = C33DE1472B312FC700B20B93 /* SearchViewModel.swift */; };
		C33DE14A2B312FCD00B20B93 /* SearchFlow.swift in Sources */ = {isa = PBXBuildFile; fileRef = C33DE1492B312FCD00B20B93 /* SearchFlow.swift */; };
		C33DE1502B31522D00B20B93 /* BaseVC.swift in Sources */ = {isa = PBXBuildFile; fileRef = C33DE14F2B31522D00B20B93 /* BaseVC.swift */; };
/* End PBXBuildFile section */

/* Begin PBXFileReference section */
		02FADE744F7EB7682AD9995A /* Pods-SWIFT_RxFlow.debug.xcconfig */ = {isa = PBXFileReference; includeInIndex = 1; lastKnownFileType = text.xcconfig; name = "Pods-SWIFT_RxFlow.debug.xcconfig"; path = "Target Support Files/Pods-SWIFT_RxFlow/Pods-SWIFT_RxFlow.debug.xcconfig"; sourceTree = "<group>"; };
		474566B3845F674388848F26 /* Pods-SWIFT_RxFlow.release.xcconfig */ = {isa = PBXFileReference; includeInIndex = 1; lastKnownFileType = text.xcconfig; name = "Pods-SWIFT_RxFlow.release.xcconfig"; path = "Target Support Files/Pods-SWIFT_RxFlow/Pods-SWIFT_RxFlow.release.xcconfig"; sourceTree = "<group>"; };
		7C47A6C56FCC203AE8815C8B /* Pods_SWIFT_RxFlow.framework */ = {isa = PBXFileReference; explicitFileType = wrapper.framework; includeInIndex = 0; path = Pods_SWIFT_RxFlow.framework; sourceTree = BUILT_PRODUCTS_DIR; };
		B6BB3A682B2F1D0F00EF2639 /* SWIFT_RxFlow.app */ = {isa = PBXFileReference; explicitFileType = wrapper.application; includeInIndex = 0; path = SWIFT_RxFlow.app; sourceTree = BUILT_PRODUCTS_DIR; };
		B6BB3A6B2B2F1D0F00EF2639 /* AppDelegate.swift */ = {isa = PBXFileReference; lastKnownFileType = sourcecode.swift; path = AppDelegate.swift; sourceTree = "<group>"; };
		B6BB3A6D2B2F1D0F00EF2639 /* SceneDelegate.swift */ = {isa = PBXFileReference; lastKnownFileType = sourcecode.swift; path = SceneDelegate.swift; sourceTree = "<group>"; };
		B6BB3A6F2B2F1D0F00EF2639 /* MainVC.swift */ = {isa = PBXFileReference; lastKnownFileType = sourcecode.swift; path = MainVC.swift; sourceTree = "<group>"; };
		B6BB3A742B2F1D1100EF2639 /* Assets.xcassets */ = {isa = PBXFileReference; lastKnownFileType = folder.assetcatalog; path = Assets.xcassets; sourceTree = "<group>"; };
		B6BB3A772B2F1D1100EF2639 /* Base */ = {isa = PBXFileReference; lastKnownFileType = file.storyboard; name = Base; path = Base.lproj/LaunchScreen.storyboard; sourceTree = "<group>"; };
		B6BB3A792B2F1D1100EF2639 /* Info.plist */ = {isa = PBXFileReference; lastKnownFileType = text.plist.xml; path = Info.plist; sourceTree = "<group>"; };
		C33DE12E2B30215400B20B93 /* AppSteps.swift */ = {isa = PBXFileReference; lastKnownFileType = sourcecode.swift; path = AppSteps.swift; sourceTree = "<group>"; };
		C33DE1302B3021F300B20B93 /* AppStepper.swift */ = {isa = PBXFileReference; lastKnownFileType = sourcecode.swift; path = AppStepper.swift; sourceTree = "<group>"; };
		C33DE1322B3022E600B20B93 /* AppFlow.swift */ = {isa = PBXFileReference; lastKnownFileType = sourcecode.swift; path = AppFlow.swift; sourceTree = "<group>"; };
		C33DE1342B3026ED00B20B93 /* MainViewModel.swift */ = {isa = PBXFileReference; lastKnownFileType = sourcecode.swift; path = MainViewModel.swift; sourceTree = "<group>"; };
		C33DE1362B30270500B20B93 /* MainFlow.swift */ = {isa = PBXFileReference; lastKnownFileType = sourcecode.swift; path = MainFlow.swift; sourceTree = "<group>"; };
		C33DE13E2B312B3D00B20B93 /* TabbarController.swift */ = {isa = PBXFileReference; lastKnownFileType = sourcecode.swift; path = TabbarController.swift; sourceTree = "<group>"; };
		C33DE1402B312C1800B20B93 /* TabbarFlow.swift */ = {isa = PBXFileReference; lastKnownFileType = sourcecode.swift; path = TabbarFlow.swift; sourceTree = "<group>"; };
		C33DE1422B312E9C00B20B93 /* TabbarStepper.swift */ = {isa = PBXFileReference; lastKnownFileType = sourcecode.swift; path = TabbarStepper.swift; sourceTree = "<group>"; };
		C33DE1452B312FC000B20B93 /* SearchVC.swift */ = {isa = PBXFileReference; lastKnownFileType = sourcecode.swift; path = SearchVC.swift; sourceTree = "<group>"; };
		C33DE1472B312FC700B20B93 /* SearchViewModel.swift */ = {isa = PBXFileReference; lastKnownFileType = sourcecode.swift; path = SearchViewModel.swift; sourceTree = "<group>"; };
		C33DE1492B312FCD00B20B93 /* SearchFlow.swift */ = {isa = PBXFileReference; lastKnownFileType = sourcecode.swift; path = SearchFlow.swift; sourceTree = "<group>"; };
		C33DE14F2B31522D00B20B93 /* BaseVC.swift */ = {isa = PBXFileReference; lastKnownFileType = sourcecode.swift; path = BaseVC.swift; sourceTree = "<group>"; };
/* End PBXFileReference section */

/* Begin PBXFrameworksBuildPhase section */
		B6BB3A652B2F1D0F00EF2639 /* Frameworks */ = {
			isa = PBXFrameworksBuildPhase;
			buildActionMask = 2147483647;
			files = (
				8E05D7DEA5A9E58BBF2AE1F0 /* Pods_SWIFT_RxFlow.framework in Frameworks */,
			);
			runOnlyForDeploymentPostprocessing = 0;
		};
/* End PBXFrameworksBuildPhase section */

/* Begin PBXGroup section */
		01947811F7C119E3319C7D6B /* Frameworks */ = {
			isa = PBXGroup;
			children = (
				7C47A6C56FCC203AE8815C8B /* Pods_SWIFT_RxFlow.framework */,
			);
			name = Frameworks;
			sourceTree = "<group>";
		};
		5A0E90D4F7D65E5B78657976 /* Pods */ = {
			isa = PBXGroup;
			children = (
				02FADE744F7EB7682AD9995A /* Pods-SWIFT_RxFlow.debug.xcconfig */,
				474566B3845F674388848F26 /* Pods-SWIFT_RxFlow.release.xcconfig */,
			);
			path = Pods;
			sourceTree = "<group>";
		};
		B6BB3A5F2B2F1D0F00EF2639 = {
			isa = PBXGroup;
			children = (
				B6BB3A6A2B2F1D0F00EF2639 /* SWIFT_RxFlow */,
				B6BB3A692B2F1D0F00EF2639 /* Products */,
				5A0E90D4F7D65E5B78657976 /* Pods */,
				01947811F7C119E3319C7D6B /* Frameworks */,
			);
			sourceTree = "<group>";
		};
		B6BB3A692B2F1D0F00EF2639 /* Products */ = {
			isa = PBXGroup;
			children = (
				B6BB3A682B2F1D0F00EF2639 /* SWIFT_RxFlow.app */,
			);
			name = Products;
			sourceTree = "<group>";
		};
		B6BB3A6A2B2F1D0F00EF2639 /* SWIFT_RxFlow */ = {
			isa = PBXGroup;
			children = (
				C33DE14E2B31521800B20B93 /* Common */,
				C33DE13C2B312B0D00B20B93 /* Coordinator */,
				C33DE13A2B312AC800B20B93 /* Application */,
				C33DE1392B312AB200B20B93 /* Presentation */,
				C33DE13B2B312ADD00B20B93 /* Resource */,
			);
			path = SWIFT_RxFlow;
			sourceTree = "<group>";
		};
		C33DE1382B312AAB00B20B93 /* Main */ = {
			isa = PBXGroup;
			children = (
				C33DE1342B3026ED00B20B93 /* MainViewModel.swift */,
				B6BB3A6F2B2F1D0F00EF2639 /* MainVC.swift */,
			);
			path = Main;
			sourceTree = "<group>";
		};
		C33DE1392B312AB200B20B93 /* Presentation */ = {
			isa = PBXGroup;
			children = (
				C33DE13D2B312B2E00B20B93 /* Tabbar */,
				C33DE1442B312FA700B20B93 /* Search */,
				C33DE1382B312AAB00B20B93 /* Main */,
			);
			path = Presentation;
			sourceTree = "<group>";
		};
		C33DE13A2B312AC800B20B93 /* Application */ = {
			isa = PBXGroup;
			children = (
				B6BB3A6B2B2F1D0F00EF2639 /* AppDelegate.swift */,
				B6BB3A6D2B2F1D0F00EF2639 /* SceneDelegate.swift */,
			);
			path = Application;
			sourceTree = "<group>";
		};
		C33DE13B2B312ADD00B20B93 /* Resource */ = {
			isa = PBXGroup;
			children = (
				B6BB3A742B2F1D1100EF2639 /* Assets.xcassets */,
				B6BB3A762B2F1D1100EF2639 /* LaunchScreen.storyboard */,
				B6BB3A792B2F1D1100EF2639 /* Info.plist */,
			);
			path = Resource;
			sourceTree = "<group>";
		};
		C33DE13C2B312B0D00B20B93 /* Coordinator */ = {
			isa = PBXGroup;
			children = (
				C33DE14D2B31520600B20B93 /* Flow */,
				C33DE14C2B3151BB00B20B93 /* Stepper */,
				C33DE14B2B3151B100B20B93 /* Step */,
				C33DE1322B3022E600B20B93 /* AppFlow.swift */,
			);
			path = Coordinator;
			sourceTree = "<group>";
		};
		C33DE13D2B312B2E00B20B93 /* Tabbar */ = {
			isa = PBXGroup;
			children = (
				C33DE13E2B312B3D00B20B93 /* TabbarController.swift */,
			);
			path = Tabbar;
			sourceTree = "<group>";
		};
		C33DE1442B312FA700B20B93 /* Search */ = {
			isa = PBXGroup;
			children = (
				C33DE1452B312FC000B20B93 /* SearchVC.swift */,
				C33DE1472B312FC700B20B93 /* SearchViewModel.swift */,
			);
			path = Search;
			sourceTree = "<group>";
		};
		C33DE14B2B3151B100B20B93 /* Step */ = {
			isa = PBXGroup;
			children = (
				C33DE12E2B30215400B20B93 /* AppSteps.swift */,
			);
			path = Step;
			sourceTree = "<group>";
		};
		C33DE14C2B3151BB00B20B93 /* Stepper */ = {
			isa = PBXGroup;
			children = (
				C33DE1302B3021F300B20B93 /* AppStepper.swift */,
				C33DE1422B312E9C00B20B93 /* TabbarStepper.swift */,
			);
			path = Stepper;
			sourceTree = "<group>";
		};
		C33DE14D2B31520600B20B93 /* Flow */ = {
			isa = PBXGroup;
			children = (
				C33DE1492B312FCD00B20B93 /* SearchFlow.swift */,
				C33DE1362B30270500B20B93 /* MainFlow.swift */,
				C33DE1402B312C1800B20B93 /* TabbarFlow.swift */,
			);
			path = Flow;
			sourceTree = "<group>";
		};
		C33DE14E2B31521800B20B93 /* Common */ = {
			isa = PBXGroup;
			children = (
				C33DE14F2B31522D00B20B93 /* BaseVC.swift */,
			);
			path = Common;
			sourceTree = "<group>";
		};
/* End PBXGroup section */

/* Begin PBXNativeTarget section */
		B6BB3A672B2F1D0F00EF2639 /* SWIFT_RxFlow */ = {
			isa = PBXNativeTarget;
			buildConfigurationList = B6BB3A7C2B2F1D1100EF2639 /* Build configuration list for PBXNativeTarget "SWIFT_RxFlow" */;
			buildPhases = (
				92DBD2C10D6D830E44A727B8 /* [CP] Check Pods Manifest.lock */,
				B6BB3A642B2F1D0F00EF2639 /* Sources */,
				B6BB3A652B2F1D0F00EF2639 /* Frameworks */,
				B6BB3A662B2F1D0F00EF2639 /* Resources */,
				A6809316C52852C2334EEB16 /* [CP] Embed Pods Frameworks */,
			);
			buildRules = (
			);
			dependencies = (
			);
			name = SWIFT_RxFlow;
			productName = SWIFT_RxFlow;
			productReference = B6BB3A682B2F1D0F00EF2639 /* SWIFT_RxFlow.app */;
			productType = "com.apple.product-type.application";
		};
/* End PBXNativeTarget section */

/* Begin PBXProject section */
		B6BB3A602B2F1D0F00EF2639 /* Project object */ = {
			isa = PBXProject;
			attributes = {
				BuildIndependentTargetsInParallel = 1;
				LastSwiftUpdateCheck = 1500;
				LastUpgradeCheck = 1500;
				TargetAttributes = {
					B6BB3A672B2F1D0F00EF2639 = {
						CreatedOnToolsVersion = 15.0;
					};
				};
			};
			buildConfigurationList = B6BB3A632B2F1D0F00EF2639 /* Build configuration list for PBXProject "SWIFT_RxFlow" */;
			compatibilityVersion = "Xcode 14.0";
			developmentRegion = en;
			hasScannedForEncodings = 0;
			knownRegions = (
				en,
				Base,
			);
			mainGroup = B6BB3A5F2B2F1D0F00EF2639;
			productRefGroup = B6BB3A692B2F1D0F00EF2639 /* Products */;
			projectDirPath = "";
			projectRoot = "";
			targets = (
				B6BB3A672B2F1D0F00EF2639 /* SWIFT_RxFlow */,
			);
		};
/* End PBXProject section */

/* Begin PBXResourcesBuildPhase section */
		B6BB3A662B2F1D0F00EF2639 /* Resources */ = {
			isa = PBXResourcesBuildPhase;
			buildActionMask = 2147483647;
			files = (
				B6BB3A782B2F1D1100EF2639 /* LaunchScreen.storyboard in Resources */,
				B6BB3A752B2F1D1100EF2639 /* Assets.xcassets in Resources */,
			);
			runOnlyForDeploymentPostprocessing = 0;
		};
/* End PBXResourcesBuildPhase section */

/* Begin PBXShellScriptBuildPhase section */
		92DBD2C10D6D830E44A727B8 /* [CP] Check Pods Manifest.lock */ = {
			isa = PBXShellScriptBuildPhase;
			buildActionMask = 2147483647;
			files = (
			);
			inputFileListPaths = (
			);
			inputPaths = (
				"${PODS_PODFILE_DIR_PATH}/Podfile.lock",
				"${PODS_ROOT}/Manifest.lock",
			);
			name = "[CP] Check Pods Manifest.lock";
			outputFileListPaths = (
			);
			outputPaths = (
				"$(DERIVED_FILE_DIR)/Pods-SWIFT_RxFlow-checkManifestLockResult.txt",
			);
			runOnlyForDeploymentPostprocessing = 0;
			shellPath = /bin/sh;
			shellScript = "diff \"${PODS_PODFILE_DIR_PATH}/Podfile.lock\" \"${PODS_ROOT}/Manifest.lock\" > /dev/null\nif [ $? != 0 ] ; then\n    # print error to STDERR\n    echo \"error: The sandbox is not in sync with the Podfile.lock. Run 'pod install' or update your CocoaPods installation.\" >&2\n    exit 1\nfi\n# This output is used by Xcode 'outputs' to avoid re-running this script phase.\necho \"SUCCESS\" > \"${SCRIPT_OUTPUT_FILE_0}\"\n";
			showEnvVarsInLog = 0;
		};
		A6809316C52852C2334EEB16 /* [CP] Embed Pods Frameworks */ = {
			isa = PBXShellScriptBuildPhase;
			buildActionMask = 2147483647;
			files = (
			);
			inputFileListPaths = (
				"${PODS_ROOT}/Target Support Files/Pods-SWIFT_RxFlow/Pods-SWIFT_RxFlow-frameworks-${CONFIGURATION}-input-files.xcfilelist",
			);
			name = "[CP] Embed Pods Frameworks";
			outputFileListPaths = (
				"${PODS_ROOT}/Target Support Files/Pods-SWIFT_RxFlow/Pods-SWIFT_RxFlow-frameworks-${CONFIGURATION}-output-files.xcfilelist",
			);
			runOnlyForDeploymentPostprocessing = 0;
			shellPath = /bin/sh;
			shellScript = "\"${PODS_ROOT}/Target Support Files/Pods-SWIFT_RxFlow/Pods-SWIFT_RxFlow-frameworks.sh\"\n";
			showEnvVarsInLog = 0;
		};
/* End PBXShellScriptBuildPhase section */

/* Begin PBXSourcesBuildPhase section */
		B6BB3A642B2F1D0F00EF2639 /* Sources */ = {
			isa = PBXSourcesBuildPhase;
			buildActionMask = 2147483647;
			files = (
				C33DE1462B312FC000B20B93 /* SearchVC.swift in Sources */,
				C33DE1432B312E9C00B20B93 /* TabbarStepper.swift in Sources */,
				C33DE1352B3026ED00B20B93 /* MainViewModel.swift in Sources */,
				B6BB3A702B2F1D0F00EF2639 /* MainVC.swift in Sources */,
				C33DE1502B31522D00B20B93 /* BaseVC.swift in Sources */,
				C33DE1332B3022E600B20B93 /* AppFlow.swift in Sources */,
				C33DE1482B312FC700B20B93 /* SearchViewModel.swift in Sources */,
				C33DE12F2B30215400B20B93 /* AppSteps.swift in Sources */,
				C33DE14A2B312FCD00B20B93 /* SearchFlow.swift in Sources */,
				C33DE1312B3021F300B20B93 /* AppStepper.swift in Sources */,
				B6BB3A6C2B2F1D0F00EF2639 /* AppDelegate.swift in Sources */,
				C33DE1372B30270500B20B93 /* MainFlow.swift in Sources */,
				C33DE1412B312C1800B20B93 /* TabbarFlow.swift in Sources */,
				C33DE13F2B312B3D00B20B93 /* TabbarController.swift in Sources */,
				B6BB3A6E2B2F1D0F00EF2639 /* SceneDelegate.swift in Sources */,
			);
			runOnlyForDeploymentPostprocessing = 0;
		};
/* End PBXSourcesBuildPhase section */

/* Begin PBXVariantGroup section */
		B6BB3A762B2F1D1100EF2639 /* LaunchScreen.storyboard */ = {
			isa = PBXVariantGroup;
			children = (
				B6BB3A772B2F1D1100EF2639 /* Base */,
			);
			name = LaunchScreen.storyboard;
			sourceTree = "<group>";
		};
/* End PBXVariantGroup section */

/* Begin XCBuildConfiguration section */
		B6BB3A7A2B2F1D1100EF2639 /* Debug */ = {
			isa = XCBuildConfiguration;
			buildSettings = {
				ALWAYS_SEARCH_USER_PATHS = NO;
				ASSETCATALOG_COMPILER_GENERATE_SWIFT_ASSET_SYMBOL_EXTENSIONS = YES;
				CLANG_ANALYZER_NONNULL = YES;
				CLANG_ANALYZER_NUMBER_OBJECT_CONVERSION = YES_AGGRESSIVE;
				CLANG_CXX_LANGUAGE_STANDARD = "gnu++20";
				CLANG_ENABLE_MODULES = YES;
				CLANG_ENABLE_OBJC_ARC = YES;
				CLANG_ENABLE_OBJC_WEAK = YES;
				CLANG_WARN_BLOCK_CAPTURE_AUTORELEASING = YES;
				CLANG_WARN_BOOL_CONVERSION = YES;
				CLANG_WARN_COMMA = YES;
				CLANG_WARN_CONSTANT_CONVERSION = YES;
				CLANG_WARN_DEPRECATED_OBJC_IMPLEMENTATIONS = YES;
				CLANG_WARN_DIRECT_OBJC_ISA_USAGE = YES_ERROR;
				CLANG_WARN_DOCUMENTATION_COMMENTS = YES;
				CLANG_WARN_EMPTY_BODY = YES;
				CLANG_WARN_ENUM_CONVERSION = YES;
				CLANG_WARN_INFINITE_RECURSION = YES;
				CLANG_WARN_INT_CONVERSION = YES;
				CLANG_WARN_NON_LITERAL_NULL_CONVERSION = YES;
				CLANG_WARN_OBJC_IMPLICIT_RETAIN_SELF = YES;
				CLANG_WARN_OBJC_LITERAL_CONVERSION = YES;
				CLANG_WARN_OBJC_ROOT_CLASS = YES_ERROR;
				CLANG_WARN_QUOTED_INCLUDE_IN_FRAMEWORK_HEADER = YES;
				CLANG_WARN_RANGE_LOOP_ANALYSIS = YES;
				CLANG_WARN_STRICT_PROTOTYPES = YES;
				CLANG_WARN_SUSPICIOUS_MOVE = YES;
				CLANG_WARN_UNGUARDED_AVAILABILITY = YES_AGGRESSIVE;
				CLANG_WARN_UNREACHABLE_CODE = YES;
				CLANG_WARN__DUPLICATE_METHOD_MATCH = YES;
				COPY_PHASE_STRIP = NO;
				DEBUG_INFORMATION_FORMAT = dwarf;
				ENABLE_STRICT_OBJC_MSGSEND = YES;
				ENABLE_TESTABILITY = YES;
				ENABLE_USER_SCRIPT_SANDBOXING = NO;
				GCC_C_LANGUAGE_STANDARD = gnu17;
				GCC_DYNAMIC_NO_PIC = NO;
				GCC_NO_COMMON_BLOCKS = YES;
				GCC_OPTIMIZATION_LEVEL = 0;
				GCC_PREPROCESSOR_DEFINITIONS = (
					"DEBUG=1",
					"$(inherited)",
				);
				GCC_WARN_64_TO_32_BIT_CONVERSION = YES;
				GCC_WARN_ABOUT_RETURN_TYPE = YES_ERROR;
				GCC_WARN_UNDECLARED_SELECTOR = YES;
				GCC_WARN_UNINITIALIZED_AUTOS = YES_AGGRESSIVE;
				GCC_WARN_UNUSED_FUNCTION = YES;
				GCC_WARN_UNUSED_VARIABLE = YES;
				IPHONEOS_DEPLOYMENT_TARGET = 17.0;
				LOCALIZATION_PREFERS_STRING_CATALOGS = YES;
				MTL_ENABLE_DEBUG_INFO = INCLUDE_SOURCE;
				MTL_FAST_MATH = YES;
				ONLY_ACTIVE_ARCH = YES;
				SDKROOT = iphoneos;
				SWIFT_ACTIVE_COMPILATION_CONDITIONS = "DEBUG $(inherited)";
				SWIFT_OPTIMIZATION_LEVEL = "-Onone";
			};
			name = Debug;
		};
		B6BB3A7B2B2F1D1100EF2639 /* Release */ = {
			isa = XCBuildConfiguration;
			buildSettings = {
				ALWAYS_SEARCH_USER_PATHS = NO;
				ASSETCATALOG_COMPILER_GENERATE_SWIFT_ASSET_SYMBOL_EXTENSIONS = YES;
				CLANG_ANALYZER_NONNULL = YES;
				CLANG_ANALYZER_NUMBER_OBJECT_CONVERSION = YES_AGGRESSIVE;
				CLANG_CXX_LANGUAGE_STANDARD = "gnu++20";
				CLANG_ENABLE_MODULES = YES;
				CLANG_ENABLE_OBJC_ARC = YES;
				CLANG_ENABLE_OBJC_WEAK = YES;
				CLANG_WARN_BLOCK_CAPTURE_AUTORELEASING = YES;
				CLANG_WARN_BOOL_CONVERSION = YES;
				CLANG_WARN_COMMA = YES;
				CLANG_WARN_CONSTANT_CONVERSION = YES;
				CLANG_WARN_DEPRECATED_OBJC_IMPLEMENTATIONS = YES;
				CLANG_WARN_DIRECT_OBJC_ISA_USAGE = YES_ERROR;
				CLANG_WARN_DOCUMENTATION_COMMENTS = YES;
				CLANG_WARN_EMPTY_BODY = YES;
				CLANG_WARN_ENUM_CONVERSION = YES;
				CLANG_WARN_INFINITE_RECURSION = YES;
				CLANG_WARN_INT_CONVERSION = YES;
				CLANG_WARN_NON_LITERAL_NULL_CONVERSION = YES;
				CLANG_WARN_OBJC_IMPLICIT_RETAIN_SELF = YES;
				CLANG_WARN_OBJC_LITERAL_CONVERSION = YES;
				CLANG_WARN_OBJC_ROOT_CLASS = YES_ERROR;
				CLANG_WARN_QUOTED_INCLUDE_IN_FRAMEWORK_HEADER = YES;
				CLANG_WARN_RANGE_LOOP_ANALYSIS = YES;
				CLANG_WARN_STRICT_PROTOTYPES = YES;
				CLANG_WARN_SUSPICIOUS_MOVE = YES;
				CLANG_WARN_UNGUARDED_AVAILABILITY = YES_AGGRESSIVE;
				CLANG_WARN_UNREACHABLE_CODE = YES;
				CLANG_WARN__DUPLICATE_METHOD_MATCH = YES;
				COPY_PHASE_STRIP = NO;
				DEBUG_INFORMATION_FORMAT = "dwarf-with-dsym";
				ENABLE_NS_ASSERTIONS = NO;
				ENABLE_STRICT_OBJC_MSGSEND = YES;
				ENABLE_USER_SCRIPT_SANDBOXING = NO;
				GCC_C_LANGUAGE_STANDARD = gnu17;
				GCC_NO_COMMON_BLOCKS = YES;
				GCC_WARN_64_TO_32_BIT_CONVERSION = YES;
				GCC_WARN_ABOUT_RETURN_TYPE = YES_ERROR;
				GCC_WARN_UNDECLARED_SELECTOR = YES;
				GCC_WARN_UNINITIALIZED_AUTOS = YES_AGGRESSIVE;
				GCC_WARN_UNUSED_FUNCTION = YES;
				GCC_WARN_UNUSED_VARIABLE = YES;
				IPHONEOS_DEPLOYMENT_TARGET = 17.0;
				LOCALIZATION_PREFERS_STRING_CATALOGS = YES;
				MTL_ENABLE_DEBUG_INFO = NO;
				MTL_FAST_MATH = YES;
				SDKROOT = iphoneos;
				SWIFT_COMPILATION_MODE = wholemodule;
				VALIDATE_PRODUCT = YES;
			};
			name = Release;
		};
		B6BB3A7D2B2F1D1100EF2639 /* Debug */ = {
			isa = XCBuildConfiguration;
			baseConfigurationReference = 02FADE744F7EB7682AD9995A /* Pods-SWIFT_RxFlow.debug.xcconfig */;
			buildSettings = {
				ASSETCATALOG_COMPILER_APPICON_NAME = AppIcon;
				ASSETCATALOG_COMPILER_GLOBAL_ACCENT_COLOR_NAME = AccentColor;
				CODE_SIGN_STYLE = Automatic;
				CURRENT_PROJECT_VERSION = 1;
				DEVELOPMENT_TEAM = 6V8879W55Z;
				GENERATE_INFOPLIST_FILE = YES;
				INFOPLIST_FILE = SWIFT_RxFlow/Resource/Info.plist;
				INFOPLIST_KEY_UIApplicationSupportsIndirectInputEvents = YES;
				INFOPLIST_KEY_UILaunchStoryboardName = LaunchScreen;
				INFOPLIST_KEY_UISupportedInterfaceOrientations_iPad = "UIInterfaceOrientationPortrait UIInterfaceOrientationPortraitUpsideDown UIInterfaceOrientationLandscapeLeft UIInterfaceOrientationLandscapeRight";
				INFOPLIST_KEY_UISupportedInterfaceOrientations_iPhone = "UIInterfaceOrientationPortrait UIInterfaceOrientationLandscapeLeft UIInterfaceOrientationLandscapeRight";
				LD_RUNPATH_SEARCH_PATHS = (
					"$(inherited)",
					"@executable_path/Frameworks",
				);
				MARKETING_VERSION = 1.0;
				PRODUCT_BUNDLE_IDENTIFIER = "YSLee.SWIFT-RxFlow";
				PRODUCT_NAME = "$(TARGET_NAME)";
				SWIFT_EMIT_LOC_STRINGS = YES;
				SWIFT_VERSION = 5.0;
				TARGETED_DEVICE_FAMILY = "1,2";
			};
			name = Debug;
		};
		B6BB3A7E2B2F1D1100EF2639 /* Release */ = {
			isa = XCBuildConfiguration;
			baseConfigurationReference = 474566B3845F674388848F26 /* Pods-SWIFT_RxFlow.release.xcconfig */;
			buildSettings = {
				ASSETCATALOG_COMPILER_APPICON_NAME = AppIcon;
				ASSETCATALOG_COMPILER_GLOBAL_ACCENT_COLOR_NAME = AccentColor;
				CODE_SIGN_STYLE = Automatic;
				CURRENT_PROJECT_VERSION = 1;
				DEVELOPMENT_TEAM = 6V8879W55Z;
				GENERATE_INFOPLIST_FILE = YES;
				INFOPLIST_FILE = SWIFT_RxFlow/Resource/Info.plist;
				INFOPLIST_KEY_UIApplicationSupportsIndirectInputEvents = YES;
				INFOPLIST_KEY_UILaunchStoryboardName = LaunchScreen;
				INFOPLIST_KEY_UISupportedInterfaceOrientations_iPad = "UIInterfaceOrientationPortrait UIInterfaceOrientationPortraitUpsideDown UIInterfaceOrientationLandscapeLeft UIInterfaceOrientationLandscapeRight";
				INFOPLIST_KEY_UISupportedInterfaceOrientations_iPhone = "UIInterfaceOrientationPortrait UIInterfaceOrientationLandscapeLeft UIInterfaceOrientationLandscapeRight";
				LD_RUNPATH_SEARCH_PATHS = (
					"$(inherited)",
					"@executable_path/Frameworks",
				);
				MARKETING_VERSION = 1.0;
				PRODUCT_BUNDLE_IDENTIFIER = "YSLee.SWIFT-RxFlow";
				PRODUCT_NAME = "$(TARGET_NAME)";
				SWIFT_EMIT_LOC_STRINGS = YES;
				SWIFT_VERSION = 5.0;
				TARGETED_DEVICE_FAMILY = "1,2";
			};
			name = Release;
		};
/* End XCBuildConfiguration section */

/* Begin XCConfigurationList section */
		B6BB3A632B2F1D0F00EF2639 /* Build configuration list for PBXProject "SWIFT_RxFlow" */ = {
			isa = XCConfigurationList;
			buildConfigurations = (
				B6BB3A7A2B2F1D1100EF2639 /* Debug */,
				B6BB3A7B2B2F1D1100EF2639 /* Release */,
			);
			defaultConfigurationIsVisible = 0;
			defaultConfigurationName = Release;
		};
		B6BB3A7C2B2F1D1100EF2639 /* Build configuration list for PBXNativeTarget "SWIFT_RxFlow" */ = {
			isa = XCConfigurationList;
			buildConfigurations = (
				B6BB3A7D2B2F1D1100EF2639 /* Debug */,
				B6BB3A7E2B2F1D1100EF2639 /* Release */,
			);
			defaultConfigurationIsVisible = 0;
			defaultConfigurationName = Release;
		};
/* End XCConfigurationList section */
	};
	rootObject = B6BB3A602B2F1D0F00EF2639 /* Project object */;
}
